
Microsoft Visual Studio Solution File, Format Version 12.00
# Visual Studio Version 17
VisualStudioVersion = 17.10.34928.147
MinimumVisualStudioVersion = 10.0.40219.1
Project("{9A19103F-16F7-4668-BE54-9A1E7A4F7556}") = "TransientWorkerStudies", "TransientWorkerStudies.csproj", "{B720891B-468C-4A06-B49C-5C791AB0D565}"
EndProject
Global
	GlobalSection(SolutionConfigurationPlatforms) = preSolution
		Debug|Any CPU = Debug|Any CPU
		Release|Any CPU = Release|Any CPU
	EndGlobalSection
	GlobalSection(ProjectConfigurationPlatforms) = postSolution
		{B720891B-468C-4A06-B49C-5C791AB0D565}.Debug|Any CPU.ActiveCfg = Debug|Any CPU
		{B720891B-468C-4A06-B49C-5C791AB0D565}.Debug|Any CPU.Build.0 = Debug|Any CPU
		{B720891B-468C-4A06-B49C-5C791AB0D565}.Release|Any CPU.ActiveCfg = Release|Any CPU
		{B720891B-468C-4A06-B49C-5C791AB0D565}.Release|Any CPU.Build.0 = Release|Any CPU
	EndGlobalSection
	GlobalSection(SolutionProperties) = preSolution
		HideSolutionNode = FALSE
	EndGlobalSection
	GlobalSection(ExtensibilityGlobals) = postSolution
		SolutionGuid = {9A12867B-81E7-4CEE-9EC7-4682457FF47D}
	EndGlobalSection
EndGlobal
